
Microsoft Visual Studio Solution File, Format Version 12.00
# Visual Studio 15
VisualStudioVersion = 15.0.28307.1062
MinimumVisualStudioVersion = 10.0.40219.1
Project("{FAE04EC0-301F-11D3-BF4B-00C04F79EFBC}") = "Lab7", "Lab7\Lab7.csproj", "{DA72E92F-5243-497E-9A8D-C90881F0A2A2}"
EndProject
Project("{FAE04EC0-301F-11D3-BF4B-00C04F79EFBC}") = "Lab7Client", "Lab7Client\Lab7Client.csproj", "{F628CB79-9264-4F7C-B2E3-655B31F857C4}"
EndProject
Global
	GlobalSection(SolutionConfigurationPlatforms) = preSolution
		Debug|Any CPU = Debug|Any CPU
		Release|Any CPU = Release|Any CPU
	EndGlobalSection
	GlobalSection(ProjectConfigurationPlatforms) = postSolution
		{DA72E92F-5243-497E-9A8D-C90881F0A2A2}.Debug|Any CPU.ActiveCfg = Debug|Any CPU
		{DA72E92F-5243-497E-9A8D-C90881F0A2A2}.Debug|Any CPU.Build.0 = Debug|Any CPU
		{DA72E92F-5243-497E-9A8D-C90881F0A2A2}.Release|Any CPU.ActiveCfg = Release|Any CPU
		{DA72E92F-5243-497E-9A8D-C90881F0A2A2}.Release|Any CPU.Build.0 = Release|Any CPU
		{F628CB79-9264-4F7C-B2E3-655B31F857C4}.Debug|Any CPU.ActiveCfg = Debug|Any CPU
		{F628CB79-9264-4F7C-B2E3-655B31F857C4}.Debug|Any CPU.Build.0 = Debug|Any CPU
		{F628CB79-9264-4F7C-B2E3-655B31F857C4}.Release|Any CPU.ActiveCfg = Release|Any CPU
		{F628CB79-9264-4F7C-B2E3-655B31F857C4}.Release|Any CPU.Build.0 = Release|Any CPU
	EndGlobalSection
	GlobalSection(SolutionProperties) = preSolution
		HideSolutionNode = FALSE
	EndGlobalSection
	GlobalSection(ExtensibilityGlobals) = postSolution
		SolutionGuid = {E4482ADF-A622-447E-9018-F0240372F5ED}
	EndGlobalSection
EndGlobal
